
Microsoft Visual Studio Solution File, Format Version 12.00
# Visual Studio Version 17
VisualStudioVersion = 17.7.34221.43
MinimumVisualStudioVersion = 10.0.40219.1
Project("{FAE04EC0-301F-11D3-BF4B-00C04F79EFBC}") = "Team-Tactics-Backend", "Team-Tactics-Backend.csproj", "{4936D18B-AC0E-44C6-B6FE-4DE686ABF1F5}"
EndProject
Global
	GlobalSection(SolutionConfigurationPlatforms) = preSolution
		Debug|Any CPU = Debug|Any CPU
		Release|Any CPU = Release|Any CPU
	EndGlobalSection
	GlobalSection(ProjectConfigurationPlatforms) = postSolution
		{4936D18B-AC0E-44C6-B6FE-4DE686ABF1F5}.Debug|Any CPU.ActiveCfg = Debug|Any CPU
		{4936D18B-AC0E-44C6-B6FE-4DE686ABF1F5}.Debug|Any CPU.Build.0 = Debug|Any CPU
		{4936D18B-AC0E-44C6-B6FE-4DE686ABF1F5}.Release|Any CPU.ActiveCfg = Release|Any CPU
		{4936D18B-AC0E-44C6-B6FE-4DE686ABF1F5}.Release|Any CPU.Build.0 = Release|Any CPU
	EndGlobalSection
	GlobalSection(SolutionProperties) = preSolution
		HideSolutionNode = FALSE
	EndGlobalSection
	GlobalSection(ExtensibilityGlobals) = postSolution
		SolutionGuid = {6E9408F3-ABFE-4880-ABF4-DBCDE501B396}
	EndGlobalSection
EndGlobal
